
Microsoft Visual Studio Solution File, Format Version 12.00
# Visual Studio Version 16
VisualStudioVersion = 16.0.30804.86
MinimumVisualStudioVersion = 10.0.40219.1
Project("{FAE04EC0-301F-11D3-BF4B-00C04F79EFBC}") = "LogicTest", "LogicTest.csproj", "{7C7BBD21-D4B8-455A-AA47-FE71CCA8CC31}"
EndProject
Global
	GlobalSection(SolutionConfigurationPlatforms) = preSolution
		Debug|Any CPU = Debug|Any CPU
		Release|Any CPU = Release|Any CPU
	EndGlobalSection
	GlobalSection(ProjectConfigurationPlatforms) = postSolution
		{7C7BBD21-D4B8-455A-AA47-FE71CCA8CC31}.Debug|Any CPU.ActiveCfg = Debug|Any CPU
		{7C7BBD21-D4B8-455A-AA47-FE71CCA8CC31}.Debug|Any CPU.Build.0 = Debug|Any CPU
		{7C7BBD21-D4B8-455A-AA47-FE71CCA8CC31}.Release|Any CPU.ActiveCfg = Release|Any CPU
		{7C7BBD21-D4B8-455A-AA47-FE71CCA8CC31}.Release|Any CPU.Build.0 = Release|Any CPU
	EndGlobalSection
	GlobalSection(SolutionProperties) = preSolution
		HideSolutionNode = FALSE
	EndGlobalSection
	GlobalSection(ExtensibilityGlobals) = postSolution
		SolutionGuid = {B483A5F0-229E-4DC6-8FB8-2068F2330B55}
	EndGlobalSection
EndGlobal
